
Microsoft Visual Studio Solution File, Format Version 12.00
# Visual Studio Version 17
VisualStudioVersion = 17.0.31903.59
MinimumVisualStudioVersion = 10.0.40219.1
Project("{9A19103F-16F7-4668-BE54-9A1E7A4F7556}") = "Api", "Api\Api.csproj", "{373C2973-FFB5-4B8C-A1E8-27C4157D809A}"
EndProject
Project("{9A19103F-16F7-4668-BE54-9A1E7A4F7556}") = "Shared", "Shared\Shared.csproj", "{5EDE8B1C-9C1F-4949-B9C7-DE19B2422C54}"
EndProject
Project("{9A19103F-16F7-4668-BE54-9A1E7A4F7556}") = "WebServer", "WebServer\WebServer.csproj", "{5DC32FC7-443C-4524-8549-D7F4D79C51E8}"
EndProject
Project("{FAE04EC0-301F-11D3-BF4B-00C04F79EFBC}") = "WebClient", "WebClient\WebClient.csproj", "{DCC703F4-00EF-453B-8DC0-5F4A3BE3F1DC}"
EndProject
Global
	GlobalSection(SolutionConfigurationPlatforms) = preSolution
		Debug|Any CPU = Debug|Any CPU
		Release|Any CPU = Release|Any CPU
	EndGlobalSection
	GlobalSection(ProjectConfigurationPlatforms) = postSolution
		{373C2973-FFB5-4B8C-A1E8-27C4157D809A}.Debug|Any CPU.ActiveCfg = Debug|Any CPU
		{373C2973-FFB5-4B8C-A1E8-27C4157D809A}.Debug|Any CPU.Build.0 = Debug|Any CPU
		{373C2973-FFB5-4B8C-A1E8-27C4157D809A}.Release|Any CPU.ActiveCfg = Release|Any CPU
		{373C2973-FFB5-4B8C-A1E8-27C4157D809A}.Release|Any CPU.Build.0 = Release|Any CPU
		{5EDE8B1C-9C1F-4949-B9C7-DE19B2422C54}.Debug|Any CPU.ActiveCfg = Debug|Any CPU
		{5EDE8B1C-9C1F-4949-B9C7-DE19B2422C54}.Debug|Any CPU.Build.0 = Debug|Any CPU
		{5EDE8B1C-9C1F-4949-B9C7-DE19B2422C54}.Release|Any CPU.ActiveCfg = Release|Any CPU
		{5EDE8B1C-9C1F-4949-B9C7-DE19B2422C54}.Release|Any CPU.Build.0 = Release|Any CPU
		{5DC32FC7-443C-4524-8549-D7F4D79C51E8}.Debug|Any CPU.ActiveCfg = Debug|Any CPU
		{5DC32FC7-443C-4524-8549-D7F4D79C51E8}.Debug|Any CPU.Build.0 = Debug|Any CPU
		{5DC32FC7-443C-4524-8549-D7F4D79C51E8}.Release|Any CPU.ActiveCfg = Release|Any CPU
		{5DC32FC7-443C-4524-8549-D7F4D79C51E8}.Release|Any CPU.Build.0 = Release|Any CPU
		{DCC703F4-00EF-453B-8DC0-5F4A3BE3F1DC}.Debug|Any CPU.ActiveCfg = Debug|Any CPU
		{DCC703F4-00EF-453B-8DC0-5F4A3BE3F1DC}.Debug|Any CPU.Build.0 = Debug|Any CPU
		{DCC703F4-00EF-453B-8DC0-5F4A3BE3F1DC}.Release|Any CPU.ActiveCfg = Release|Any CPU
		{DCC703F4-00EF-453B-8DC0-5F4A3BE3F1DC}.Release|Any CPU.Build.0 = Release|Any CPU
	EndGlobalSection
	GlobalSection(SolutionProperties) = preSolution
		HideSolutionNode = FALSE
	EndGlobalSection
	GlobalSection(ExtensibilityGlobals) = postSolution
		SolutionGuid = {DDDD39E3-346B-433A-AE4C-A22CBA5107AA}
	EndGlobalSection
EndGlobal
